<Solution>
  <Project Path="src/Rowles.LeanLucene.Benchmarks/Rowles.LeanLucene.Benchmarks.csproj" />
  <Project Path="src/Rowles.LeanLucene.Tests/Rowles.LeanLucene.Tests.csproj" />
  <Project Path="src/Rowles.LeanLucene/Rowles.LeanLucene.csproj" />
  <Project Path="src/examples/Rowles.LeanLucene.Example.JsonApi/Rowles.LeanLucene.Example.JsonApi.csproj" />
</Solution>
